// !$*UTF8*$!
{
	archiveVersion = 1;
	classes = {
	};
	objectVersion = 46;
	objects = {

/* Begin PBXBuildFile section */
		E59426825C99440EB71D6AB0 /* libPods.a in Frameworks */ = {isa = PBXBuildFile; fileRef = 689295BF0F944B06B31AE113 /* libPods.a */; };
		E750C4A618B85D8500849CB5 /* Foundation.framework in Frameworks */ = {isa = PBXBuildFile; fileRef = E750C4A518B85D8500849CB5 /* Foundation.framework */; };
		E750C4A818B85D8500849CB5 /* CoreGraphics.framework in Frameworks */ = {isa = PBXBuildFile; fileRef = E750C4A718B85D8500849CB5 /* CoreGraphics.framework */; };
		E750C4AA18B85D8500849CB5 /* UIKit.framework in Frameworks */ = {isa = PBXBuildFile; fileRef = E750C4A918B85D8500849CB5 /* UIKit.framework */; };
		E750C4B018B85D8500849CB5 /* InfoPlist.strings in Resources */ = {isa = PBXBuildFile; fileRef = E750C4AE18B85D8500849CB5 /* InfoPlist.strings */; };
		E750C4B218B85D8500849CB5 /* main.m in Sources */ = {isa = PBXBuildFile; fileRef = E750C4B118B85D8500849CB5 /* main.m */; };
		E750C4B618B85D8500849CB5 /* AppDelegate.m in Sources */ = {isa = PBXBuildFile; fileRef = E750C4B518B85D8500849CB5 /* AppDelegate.m */; };
		E750C4B918B85D8500849CB5 /* Main_iPhone.storyboard in Resources */ = {isa = PBXBuildFile; fileRef = E750C4B718B85D8500849CB5 /* Main_iPhone.storyboard */; };
		E750C4BC18B85D8500849CB5 /* Main_iPad.storyboard in Resources */ = {isa = PBXBuildFile; fileRef = E750C4BA18B85D8500849CB5 /* Main_iPad.storyboard */; };
		E750C4BF18B85D8500849CB5 /* FirstViewController.m in Sources */ = {isa = PBXBuildFile; fileRef = E750C4BE18B85D8500849CB5 /* FirstViewController.m */; };
		E750C4C218B85D8500849CB5 /* SecondViewController.m in Sources */ = {isa = PBXBuildFile; fileRef = E750C4C118B85D8500849CB5 /* SecondViewController.m */; };
		E750C4C418B85D8500849CB5 /* Images.xcassets in Resources */ = {isa = PBXBuildFile; fileRef = E750C4C318B85D8500849CB5 /* Images.xcassets */; };
		E750C4CB18B85D8500849CB5 /* XCTest.framework in Frameworks */ = {isa = PBXBuildFile; fileRef = E750C4CA18B85D8500849CB5 /* XCTest.framework */; };
		E750C4CC18B85D8500849CB5 /* Foundation.framework in Frameworks */ = {isa = PBXBuildFile; fileRef = E750C4A518B85D8500849CB5 /* Foundation.framework */; };
		E750C4CD18B85D8500849CB5 /* UIKit.framework in Frameworks */ = {isa = PBXBuildFile; fileRef = E750C4A918B85D8500849CB5 /* UIKit.framework */; };
		E750C4D518B85D8500849CB5 /* InfoPlist.strings in Resources */ = {isa = PBXBuildFile; fileRef = E750C4D318B85D8500849CB5 /* InfoPlist.strings */; };
		E750C4D718B85D8500849CB5 /* mamebloTests.m in Sources */ = {isa = PBXBuildFile; fileRef = E750C4D618B85D8500849CB5 /* mamebloTests.m */; };
		E79E42A718B861C90061B928 /* LoginViewController.m in Sources */ = {isa = PBXBuildFile; fileRef = E79E42A618B861C90061B928 /* LoginViewController.m */; };
		E79F246018C3140F00886099 /* MBLAPIClient.m in Sources */ = {isa = PBXBuildFile; fileRef = E79F245F18C3140F00886099 /* MBLAPIClient.m */; };
		E79F246318C3146100886099 /* MBLBrotherModel.m in Sources */ = {isa = PBXBuildFile; fileRef = E79F246218C3146100886099 /* MBLBrotherModel.m */; };
/* End PBXBuildFile section */

/* Begin PBXContainerItemProxy section */
		E750C4CE18B85D8500849CB5 /* PBXContainerItemProxy */ = {
			isa = PBXContainerItemProxy;
			containerPortal = E750C49A18B85D8500849CB5 /* Project object */;
			proxyType = 1;
			remoteGlobalIDString = E750C4A118B85D8500849CB5;
			remoteInfo = mameblo;
		};
/* End PBXContainerItemProxy section */

/* Begin PBXFileReference section */
		689295BF0F944B06B31AE113 /* libPods.a */ = {isa = PBXFileReference; explicitFileType = archive.ar; includeInIndex = 0; path = libPods.a; sourceTree = BUILT_PRODUCTS_DIR; };
		D49C10CF04DD44FFAE179553 /* Pods.xcconfig */ = {isa = PBXFileReference; includeInIndex = 1; lastKnownFileType = text.xcconfig; name = Pods.xcconfig; path = Pods/Pods.xcconfig; sourceTree = "<group>"; };
		E750C4A218B85D8500849CB5 /* mameblo.app */ = {isa = PBXFileReference; explicitFileType = wrapper.application; includeInIndex = 0; path = mameblo.app; sourceTree = BUILT_PRODUCTS_DIR; };
		E750C4A518B85D8500849CB5 /* Foundation.framework */ = {isa = PBXFileReference; lastKnownFileType = wrapper.framework; name = Foundation.framework; path = System/Library/Frameworks/Foundation.framework; sourceTree = SDKROOT; };
		E750C4A718B85D8500849CB5 /* CoreGraphics.framework */ = {isa = PBXFileReference; lastKnownFileType = wrapper.framework; name = CoreGraphics.framework; path = System/Library/Frameworks/CoreGraphics.framework; sourceTree = SDKROOT; };
		E750C4A918B85D8500849CB5 /* UIKit.framework */ = {isa = PBXFileReference; lastKnownFileType = wrapper.framework; name = UIKit.framework; path = System/Library/Frameworks/UIKit.framework; sourceTree = SDKROOT; };
		E750C4AD18B85D8500849CB5 /* mameblo-Info.plist */ = {isa = PBXFileReference; lastKnownFileType = text.plist.xml; path = "mameblo-Info.plist"; sourceTree = "<group>"; };
		E750C4AF18B85D8500849CB5 /* en */ = {isa = PBXFileReference; lastKnownFileType = text.plist.strings; name = en; path = en.lproj/InfoPlist.strings; sourceTree = "<group>"; };
		E750C4B118B85D8500849CB5 /* main.m */ = {isa = PBXFileReference; lastKnownFileType = sourcecode.c.objc; path = main.m; sourceTree = "<group>"; };
		E750C4B318B85D8500849CB5 /* mameblo-Prefix.pch */ = {isa = PBXFileReference; lastKnownFileType = sourcecode.c.h; path = "mameblo-Prefix.pch"; sourceTree = "<group>"; };
		E750C4B418B85D8500849CB5 /* AppDelegate.h */ = {isa = PBXFileReference; lastKnownFileType = sourcecode.c.h; path = AppDelegate.h; sourceTree = "<group>"; };
		E750C4B518B85D8500849CB5 /* AppDelegate.m */ = {isa = PBXFileReference; lastKnownFileType = sourcecode.c.objc; path = AppDelegate.m; sourceTree = "<group>"; };
		E750C4B818B85D8500849CB5 /* Base */ = {isa = PBXFileReference; lastKnownFileType = file.storyboard; name = Base; path = Base.lproj/Main_iPhone.storyboard; sourceTree = "<group>"; };
		E750C4BB18B85D8500849CB5 /* Base */ = {isa = PBXFileReference; lastKnownFileType = file.storyboard; name = Base; path = Base.lproj/Main_iPad.storyboard; sourceTree = "<group>"; };
		E750C4BD18B85D8500849CB5 /* FirstViewController.h */ = {isa = PBXFileReference; lastKnownFileType = sourcecode.c.h; path = FirstViewController.h; sourceTree = "<group>"; };
		E750C4BE18B85D8500849CB5 /* FirstViewController.m */ = {isa = PBXFileReference; lastKnownFileType = sourcecode.c.objc; path = FirstViewController.m; sourceTree = "<group>"; };
		E750C4C018B85D8500849CB5 /* SecondViewController.h */ = {isa = PBXFileReference; lastKnownFileType = sourcecode.c.h; path = SecondViewController.h; sourceTree = "<group>"; };
		E750C4C118B85D8500849CB5 /* SecondViewController.m */ = {isa = PBXFileReference; lastKnownFileType = sourcecode.c.objc; path = SecondViewController.m; sourceTree = "<group>"; };
		E750C4C318B85D8500849CB5 /* Images.xcassets */ = {isa = PBXFileReference; lastKnownFileType = folder.assetcatalog; path = Images.xcassets; sourceTree = "<group>"; };
		E750C4C918B85D8500849CB5 /* mamebloTests.xctest */ = {isa = PBXFileReference; explicitFileType = wrapper.cfbundle; includeInIndex = 0; path = mamebloTests.xctest; sourceTree = BUILT_PRODUCTS_DIR; };
		E750C4CA18B85D8500849CB5 /* XCTest.framework */ = {isa = PBXFileReference; lastKnownFileType = wrapper.framework; name = XCTest.framework; path = Library/Frameworks/XCTest.framework; sourceTree = DEVELOPER_DIR; };
		E750C4D218B85D8500849CB5 /* mamebloTests-Info.plist */ = {isa = PBXFileReference; lastKnownFileType = text.plist.xml; path = "mamebloTests-Info.plist"; sourceTree = "<group>"; };
		E750C4D418B85D8500849CB5 /* en */ = {isa = PBXFileReference; lastKnownFileType = text.plist.strings; name = en; path = en.lproj/InfoPlist.strings; sourceTree = "<group>"; };
		E750C4D618B85D8500849CB5 /* mamebloTests.m */ = {isa = PBXFileReference; lastKnownFileType = sourcecode.c.objc; path = mamebloTests.m; sourceTree = "<group>"; };
		E79E42A518B861C90061B928 /* LoginViewController.h */ = {isa = PBXFileReference; fileEncoding = 4; lastKnownFileType = sourcecode.c.h; path = LoginViewController.h; sourceTree = "<group>"; };
		E79E42A618B861C90061B928 /* LoginViewController.m */ = {isa = PBXFileReference; fileEncoding = 4; lastKnownFileType = sourcecode.c.objc; path = LoginViewController.m; sourceTree = "<group>"; };
		E79F245E18C3140F00886099 /* MBLAPIClient.h */ = {isa = PBXFileReference; fileEncoding = 4; lastKnownFileType = sourcecode.c.h; path = MBLAPIClient.h; sourceTree = "<group>"; };
		E79F245F18C3140F00886099 /* MBLAPIClient.m */ = {isa = PBXFileReference; fileEncoding = 4; lastKnownFileType = sourcecode.c.objc; path = MBLAPIClient.m; sourceTree = "<group>"; };
		E79F246118C3146100886099 /* MBLBrotherModel.h */ = {isa = PBXFileReference; fileEncoding = 4; lastKnownFileType = sourcecode.c.h; path = MBLBrotherModel.h; sourceTree = "<group>"; };
		E79F246218C3146100886099 /* MBLBrotherModel.m */ = {isa = PBXFileReference; fileEncoding = 4; lastKnownFileType = sourcecode.c.objc; path = MBLBrotherModel.m; sourceTree = "<group>"; };
/* End PBXFileReference section */

/* Begin PBXFrameworksBuildPhase section */
		E750C49F18B85D8500849CB5 /* Frameworks */ = {
			isa = PBXFrameworksBuildPhase;
			buildActionMask = 2147483647;
			files = (
				E750C4A818B85D8500849CB5 /* CoreGraphics.framework in Frameworks */,
				E750C4AA18B85D8500849CB5 /* UIKit.framework in Frameworks */,
				E750C4A618B85D8500849CB5 /* Foundation.framework in Frameworks */,
				E59426825C99440EB71D6AB0 /* libPods.a in Frameworks */,
			);
			runOnlyForDeploymentPostprocessing = 0;
		};
		E750C4C618B85D8500849CB5 /* Frameworks */ = {
			isa = PBXFrameworksBuildPhase;
			buildActionMask = 2147483647;
			files = (
				E750C4CB18B85D8500849CB5 /* XCTest.framework in Frameworks */,
				E750C4CD18B85D8500849CB5 /* UIKit.framework in Frameworks */,
				E750C4CC18B85D8500849CB5 /* Foundation.framework in Frameworks */,
			);
			runOnlyForDeploymentPostprocessing = 0;
		};
/* End PBXFrameworksBuildPhase section */

/* Begin PBXGroup section */
		E750C49918B85D8500849CB5 = {
			isa = PBXGroup;
			children = (
				E750C4AB18B85D8500849CB5 /* mameblo */,
				E750C4D018B85D8500849CB5 /* mamebloTests */,
				E750C4A418B85D8500849CB5 /* Frameworks */,
				E750C4A318B85D8500849CB5 /* Products */,
				D49C10CF04DD44FFAE179553 /* Pods.xcconfig */,
			);
			sourceTree = "<group>";
		};
		E750C4A318B85D8500849CB5 /* Products */ = {
			isa = PBXGroup;
			children = (
				E750C4A218B85D8500849CB5 /* mameblo.app */,
				E750C4C918B85D8500849CB5 /* mamebloTests.xctest */,
			);
			name = Products;
			sourceTree = "<group>";
		};
		E750C4A418B85D8500849CB5 /* Frameworks */ = {
			isa = PBXGroup;
			children = (
				E750C4A518B85D8500849CB5 /* Foundation.framework */,
				E750C4A718B85D8500849CB5 /* CoreGraphics.framework */,
				E750C4A918B85D8500849CB5 /* UIKit.framework */,
				E750C4CA18B85D8500849CB5 /* XCTest.framework */,
				689295BF0F944B06B31AE113 /* libPods.a */,
			);
			name = Frameworks;
			sourceTree = "<group>";
		};
		E750C4AB18B85D8500849CB5 /* mameblo */ = {
			isa = PBXGroup;
			children = (
				E750C4B418B85D8500849CB5 /* AppDelegate.h */,
				E79F245E18C3140F00886099 /* MBLAPIClient.h */,
				E79F245F18C3140F00886099 /* MBLAPIClient.m */,
				E79F246118C3146100886099 /* MBLBrotherModel.h */,
				E79F246218C3146100886099 /* MBLBrotherModel.m */,
				E750C4B518B85D8500849CB5 /* AppDelegate.m */,
				E750C4B718B85D8500849CB5 /* Main_iPhone.storyboard */,
				E79E42A518B861C90061B928 /* LoginViewController.h */,
				E79E42A618B861C90061B928 /* LoginViewController.m */,
				E750C4BA18B85D8500849CB5 /* Main_iPad.storyboard */,
				E750C4BD18B85D8500849CB5 /* FirstViewController.h */,
				E750C4BE18B85D8500849CB5 /* FirstViewController.m */,
				E79E42C918B86FB10061B928 /* Utilities */,
				E750C4C018B85D8500849CB5 /* SecondViewController.h */,
				E750C4C118B85D8500849CB5 /* SecondViewController.m */,
				E750C4C318B85D8500849CB5 /* Images.xcassets */,
				E750C4AC18B85D8500849CB5 /* Supporting Files */,
			);
			path = mameblo;
			sourceTree = "<group>";
		};
		E750C4AC18B85D8500849CB5 /* Supporting Files */ = {
			isa = PBXGroup;
			children = (
				E750C4AD18B85D8500849CB5 /* mameblo-Info.plist */,
				E750C4AE18B85D8500849CB5 /* InfoPlist.strings */,
				E750C4B118B85D8500849CB5 /* main.m */,
				E750C4B318B85D8500849CB5 /* mameblo-Prefix.pch */,
			);
			name = "Supporting Files";
			sourceTree = "<group>";
		};
		E750C4D018B85D8500849CB5 /* mamebloTests */ = {
			isa = PBXGroup;
			children = (
				E750C4D618B85D8500849CB5 /* mamebloTests.m */,
				E750C4D118B85D8500849CB5 /* Supporting Files */,
			);
			path = mamebloTests;
			sourceTree = "<group>";
		};
		E750C4D118B85D8500849CB5 /* Supporting Files */ = {
			isa = PBXGroup;
			children = (
				E750C4D218B85D8500849CB5 /* mamebloTests-Info.plist */,
				E750C4D318B85D8500849CB5 /* InfoPlist.strings */,
			);
			name = "Supporting Files";
			sourceTree = "<group>";
		};
		E79E42C918B86FB10061B928 /* Utilities */ = {
			isa = PBXGroup;
			children = (
			);
			path = Utilities;
			sourceTree = "<group>";
		};
/* End PBXGroup section */

/* Begin PBXNativeTarget section */
		E750C4A118B85D8500849CB5 /* mameblo */ = {
			isa = PBXNativeTarget;
			buildConfigurationList = E750C4DA18B85D8500849CB5 /* Build configuration list for PBXNativeTarget "mameblo" */;
			buildPhases = (
				A3A7295FB16D42FDBAFA10C3 /* Check Pods Manifest.lock */,
				E750C49E18B85D8500849CB5 /* Sources */,
				E750C49F18B85D8500849CB5 /* Frameworks */,
				E750C4A018B85D8500849CB5 /* Resources */,
				6B89B8CDFAE241B59CE6ACDE /* Copy Pods Resources */,
			);
			buildRules = (
			);
			dependencies = (
			);
			name = mameblo;
			productName = mameblo;
			productReference = E750C4A218B85D8500849CB5 /* mameblo.app */;
			productType = "com.apple.product-type.application";
		};
		E750C4C818B85D8500849CB5 /* mamebloTests */ = {
			isa = PBXNativeTarget;
			buildConfigurationList = E750C4DD18B85D8500849CB5 /* Build configuration list for PBXNativeTarget "mamebloTests" */;
			buildPhases = (
				E750C4C518B85D8500849CB5 /* Sources */,
				E750C4C618B85D8500849CB5 /* Frameworks */,
				E750C4C718B85D8500849CB5 /* Resources */,
			);
			buildRules = (
			);
			dependencies = (
				E750C4CF18B85D8500849CB5 /* PBXTargetDependency */,
			);
			name = mamebloTests;
			productName = mamebloTests;
			productReference = E750C4C918B85D8500849CB5 /* mamebloTests.xctest */;
			productType = "com.apple.product-type.bundle.unit-test";
		};
/* End PBXNativeTarget section */

/* Begin PBXProject section */
		E750C49A18B85D8500849CB5 /* Project object */ = {
			isa = PBXProject;
			attributes = {
				LastUpgradeCheck = 0500;
				ORGANIZATIONNAME = "Keisuke KITA";
				TargetAttributes = {
					E750C4C818B85D8500849CB5 = {
						TestTargetID = E750C4A118B85D8500849CB5;
					};
				};
			};
			buildConfigurationList = E750C49D18B85D8500849CB5 /* Build configuration list for PBXProject "mameblo" */;
			compatibilityVersion = "Xcode 3.2";
			developmentRegion = English;
			hasScannedForEncodings = 0;
			knownRegions = (
				en,
				Base,
			);
			mainGroup = E750C49918B85D8500849CB5;
			productRefGroup = E750C4A318B85D8500849CB5 /* Products */;
			projectDirPath = "";
			projectRoot = "";
			targets = (
				E750C4A118B85D8500849CB5 /* mameblo */,
				E750C4C818B85D8500849CB5 /* mamebloTests */,
			);
		};
/* End PBXProject section */

/* Begin PBXResourcesBuildPhase section */
		E750C4A018B85D8500849CB5 /* Resources */ = {
			isa = PBXResourcesBuildPhase;
			buildActionMask = 2147483647;
			files = (
				E750C4BC18B85D8500849CB5 /* Main_iPad.storyboard in Resources */,
				E750C4C418B85D8500849CB5 /* Images.xcassets in Resources */,
				E750C4B918B85D8500849CB5 /* Main_iPhone.storyboard in Resources */,
				E750C4B018B85D8500849CB5 /* InfoPlist.strings in Resources */,
			);
			runOnlyForDeploymentPostprocessing = 0;
		};
		E750C4C718B85D8500849CB5 /* Resources */ = {
			isa = PBXResourcesBuildPhase;
			buildActionMask = 2147483647;
			files = (
				E750C4D518B85D8500849CB5 /* InfoPlist.strings in Resources */,
			);
			runOnlyForDeploymentPostprocessing = 0;
		};
/* End PBXResourcesBuildPhase section */

/* Begin PBXShellScriptBuildPhase section */
		6B89B8CDFAE241B59CE6ACDE /* Copy Pods Resources */ = {
			isa = PBXShellScriptBuildPhase;
			buildActionMask = 2147483647;
			files = (
			);
			inputPaths = (
			);
			name = "Copy Pods Resources";
			outputPaths = (
			);
			runOnlyForDeploymentPostprocessing = 0;
			shellPath = /bin/sh;
			shellScript = "\"${SRCROOT}/Pods/Pods-resources.sh\"\n";
			showEnvVarsInLog = 0;
		};
		A3A7295FB16D42FDBAFA10C3 /* Check Pods Manifest.lock */ = {
			isa = PBXShellScriptBuildPhase;
			buildActionMask = 2147483647;
			files = (
			);
			inputPaths = (
			);
			name = "Check Pods Manifest.lock";
			outputPaths = (
			);
			runOnlyForDeploymentPostprocessing = 0;
			shellPath = /bin/sh;
			shellScript = "diff \"${PODS_ROOT}/../Podfile.lock\" \"${PODS_ROOT}/Manifest.lock\" > /dev/null\nif [[ $? != 0 ]] ; then\n    cat << EOM\nerror: The sandbox is not in sync with the Podfile.lock. Run 'pod install' or update your CocoaPods installation.\nEOM\n    exit 1\nfi\n";
			showEnvVarsInLog = 0;
		};
/* End PBXShellScriptBuildPhase section */

/* Begin PBXSourcesBuildPhase section */
		E750C49E18B85D8500849CB5 /* Sources */ = {
			isa = PBXSourcesBuildPhase;
			buildActionMask = 2147483647;
			files = (
				E750C4C218B85D8500849CB5 /* SecondViewController.m in Sources */,
				E750C4B618B85D8500849CB5 /* AppDelegate.m in Sources */,
				E750C4BF18B85D8500849CB5 /* FirstViewController.m in Sources */,
				E79F246318C3146100886099 /* MBLBrotherModel.m in Sources */,
				E79F246018C3140F00886099 /* MBLAPIClient.m in Sources */,
				E750C4B218B85D8500849CB5 /* main.m in Sources */,
				E79E42A718B861C90061B928 /* LoginViewController.m in Sources */,
			);
			runOnlyForDeploymentPostprocessing = 0;
		};
		E750C4C518B85D8500849CB5 /* Sources */ = {
			isa = PBXSourcesBuildPhase;
			buildActionMask = 2147483647;
			files = (
				E750C4D718B85D8500849CB5 /* mamebloTests.m in Sources */,
			);
			runOnlyForDeploymentPostprocessing = 0;
		};
/* End PBXSourcesBuildPhase section */

/* Begin PBXTargetDependency section */
		E750C4CF18B85D8500849CB5 /* PBXTargetDependency */ = {
			isa = PBXTargetDependency;
			target = E750C4A118B85D8500849CB5 /* mameblo */;
			targetProxy = E750C4CE18B85D8500849CB5 /* PBXContainerItemProxy */;
		};
/* End PBXTargetDependency section */

/* Begin PBXVariantGroup section */
		E750C4AE18B85D8500849CB5 /* InfoPlist.strings */ = {
			isa = PBXVariantGroup;
			children = (
				E750C4AF18B85D8500849CB5 /* en */,
			);
			name = InfoPlist.strings;
			sourceTree = "<group>";
		};
		E750C4B718B85D8500849CB5 /* Main_iPhone.storyboard */ = {
			isa = PBXVariantGroup;
			children = (
				E750C4B818B85D8500849CB5 /* Base */,
			);
			name = Main_iPhone.storyboard;
			sourceTree = "<group>";
		};
		E750C4BA18B85D8500849CB5 /* Main_iPad.storyboard */ = {
			isa = PBXVariantGroup;
			children = (
				E750C4BB18B85D8500849CB5 /* Base */,
			);
			name = Main_iPad.storyboard;
			sourceTree = "<group>";
		};
		E750C4D318B85D8500849CB5 /* InfoPlist.strings */ = {
			isa = PBXVariantGroup;
			children = (
				E750C4D418B85D8500849CB5 /* en */,
			);
			name = InfoPlist.strings;
			sourceTree = "<group>";
		};
/* End PBXVariantGroup section */

/* Begin XCBuildConfiguration section */
		E750C4D818B85D8500849CB5 /* Debug */ = {
			isa = XCBuildConfiguration;
			buildSettings = {
				ALWAYS_SEARCH_USER_PATHS = NO;
				ARCHS = "$(ARCHS_STANDARD_INCLUDING_64_BIT)";
				CLANG_CXX_LANGUAGE_STANDARD = "gnu++0x";
				CLANG_CXX_LIBRARY = "libc++";
				CLANG_ENABLE_MODULES = YES;
				CLANG_ENABLE_OBJC_ARC = YES;
				CLANG_WARN_BOOL_CONVERSION = YES;
				CLANG_WARN_CONSTANT_CONVERSION = YES;
				CLANG_WARN_DIRECT_OBJC_ISA_USAGE = YES_ERROR;
				CLANG_WARN_EMPTY_BODY = YES;
				CLANG_WARN_ENUM_CONVERSION = YES;
				CLANG_WARN_INT_CONVERSION = YES;
				CLANG_WARN_OBJC_ROOT_CLASS = YES_ERROR;
				CLANG_WARN__DUPLICATE_METHOD_MATCH = YES;
				"CODE_SIGN_IDENTITY[sdk=iphoneos*]" = "iPhone Developer";
				COPY_PHASE_STRIP = NO;
				GCC_C_LANGUAGE_STANDARD = gnu99;
				GCC_DYNAMIC_NO_PIC = NO;
				GCC_OPTIMIZATION_LEVEL = 0;
				GCC_PREPROCESSOR_DEFINITIONS = (
					"DEBUG=1",
					"$(inherited)",
				);
				GCC_SYMBOLS_PRIVATE_EXTERN = NO;
				GCC_WARN_64_TO_32_BIT_CONVERSION = YES;
				GCC_WARN_ABOUT_RETURN_TYPE = YES_ERROR;
				GCC_WARN_UNDECLARED_SELECTOR = YES;
				GCC_WARN_UNINITIALIZED_AUTOS = YES;
				GCC_WARN_UNUSED_FUNCTION = YES;
				GCC_WARN_UNUSED_VARIABLE = YES;
				IPHONEOS_DEPLOYMENT_TARGET = 7.0;
				ONLY_ACTIVE_ARCH = YES;
				SDKROOT = iphoneos;
				TARGETED_DEVICE_FAMILY = "1,2";
			};
			name = Debug;
		};
		E750C4D918B85D8500849CB5 /* Release */ = {
			isa = XCBuildConfiguration;
			buildSettings = {
				ALWAYS_SEARCH_USER_PATHS = NO;
				ARCHS = "$(ARCHS_STANDARD_INCLUDING_64_BIT)";
				CLANG_CXX_LANGUAGE_STANDARD = "gnu++0x";
				CLANG_CXX_LIBRARY = "libc++";
				CLANG_ENABLE_MODULES = YES;
				CLANG_ENABLE_OBJC_ARC = YES;
				CLANG_WARN_BOOL_CONVERSION = YES;
				CLANG_WARN_CONSTANT_CONVERSION = YES;
				CLANG_WARN_DIRECT_OBJC_ISA_USAGE = YES_ERROR;
				CLANG_WARN_EMPTY_BODY = YES;
				CLANG_WARN_ENUM_CONVERSION = YES;
				CLANG_WARN_INT_CONVERSION = YES;
				CLANG_WARN_OBJC_ROOT_CLASS = YES_ERROR;
				CLANG_WARN__DUPLICATE_METHOD_MATCH = YES;
				"CODE_SIGN_IDENTITY[sdk=iphoneos*]" = "iPhone Developer";
				COPY_PHASE_STRIP = YES;
				ENABLE_NS_ASSERTIONS = NO;
				GCC_C_LANGUAGE_STANDARD = gnu99;
				GCC_WARN_64_TO_32_BIT_CONVERSION = YES;
				GCC_WARN_ABOUT_RETURN_TYPE = YES_ERROR;
				GCC_WARN_UNDECLARED_SELECTOR = YES;
				GCC_WARN_UNINITIALIZED_AUTOS = YES;
				GCC_WARN_UNUSED_FUNCTION = YES;
				GCC_WARN_UNUSED_VARIABLE = YES;
				IPHONEOS_DEPLOYMENT_TARGET = 7.0;
				SDKROOT = iphoneos;
				TARGETED_DEVICE_FAMILY = "1,2";
				VALIDATE_PRODUCT = YES;
			};
			name = Release;
		};
		E750C4DB18B85D8500849CB5 /* Debug */ = {
			isa = XCBuildConfiguration;
			baseConfigurationReference = D49C10CF04DD44FFAE179553 /* Pods.xcconfig */;
			buildSettings = {
				ASSETCATALOG_COMPILER_APPICON_NAME = AppIcon;
				ASSETCATALOG_COMPILER_LAUNCHIMAGE_NAME = LaunchImage;
				GCC_PRECOMPILE_PREFIX_HEADER = YES;
				GCC_PREFIX_HEADER = "mameblo/mameblo-Prefix.pch";
				INFOPLIST_FILE = "mameblo/mameblo-Info.plist";
				PRODUCT_NAME = "$(TARGET_NAME)";
				WRAPPER_EXTENSION = app;
			};
			name = Debug;
		};
		E750C4DC18B85D8500849CB5 /* Release */ = {
			isa = XCBuildConfiguration;
			baseConfigurationReference = D49C10CF04DD44FFAE179553 /* Pods.xcconfig */;
			buildSettings = {
				ASSETCATALOG_COMPILER_APPICON_NAME = AppIcon;
				ASSETCATALOG_COMPILER_LAUNCHIMAGE_NAME = LaunchImage;
				GCC_PRECOMPILE_PREFIX_HEADER = YES;
				GCC_PREFIX_HEADER = "mameblo/mameblo-Prefix.pch";
				INFOPLIST_FILE = "mameblo/mameblo-Info.plist";
				PRODUCT_NAME = "$(TARGET_NAME)";
				WRAPPER_EXTENSION = app;
			};
			name = Release;
		};
		E750C4DE18B85D8500849CB5 /* Debug */ = {
			isa = XCBuildConfiguration;
			buildSettings = {
				ARCHS = "$(ARCHS_STANDARD_INCLUDING_64_BIT)";
				BUNDLE_LOADER = "$(BUILT_PRODUCTS_DIR)/mameblo.app/mameblo";
				FRAMEWORK_SEARCH_PATHS = (
					"$(SDKROOT)/Developer/Library/Frameworks",
					"$(inherited)",
					"$(DEVELOPER_FRAMEWORKS_DIR)",
				);
				GCC_PRECOMPILE_PREFIX_HEADER = YES;
				GCC_PREFIX_HEADER = "mameblo/mameblo-Prefix.pch";
				GCC_PREPROCESSOR_DEFINITIONS = (
					"DEBUG=1",
					"$(inherited)",
				);
				INFOPLIST_FILE = "mamebloTests/mamebloTests-Info.plist";
				PRODUCT_NAME = "$(TARGET_NAME)";
				TEST_HOST = "$(BUNDLE_LOADER)";
				WRAPPER_EXTENSION = xctest;
			};
			name = Debug;
		};
		E750C4DF18B85D8500849CB5 /* Release */ = {
			isa = XCBuildConfiguration;
			buildSettings = {
				ARCHS = "$(ARCHS_STANDARD_INCLUDING_64_BIT)";
				BUNDLE_LOADER = "$(BUILT_PRODUCTS_DIR)/mameblo.app/mameblo";
				FRAMEWORK_SEARCH_PATHS = (
					"$(SDKROOT)/Developer/Library/Frameworks",
					"$(inherited)",
					"$(DEVELOPER_FRAMEWORKS_DIR)",
				);
				GCC_PRECOMPILE_PREFIX_HEADER = YES;
				GCC_PREFIX_HEADER = "mameblo/mameblo-Prefix.pch";
				INFOPLIST_FILE = "mamebloTests/mamebloTests-Info.plist";
				PRODUCT_NAME = "$(TARGET_NAME)";
				TEST_HOST = "$(BUNDLE_LOADER)";
				WRAPPER_EXTENSION = xctest;
			};
			name = Release;
		};
/* End XCBuildConfiguration section */

/* Begin XCConfigurationList section */
		E750C49D18B85D8500849CB5 /* Build configuration list for PBXProject "mameblo" */ = {
			isa = XCConfigurationList;
			buildConfigurations = (
				E750C4D818B85D8500849CB5 /* Debug */,
				E750C4D918B85D8500849CB5 /* Release */,
			);
			defaultConfigurationIsVisible = 0;
			defaultConfigurationName = Release;
		};
		E750C4DA18B85D8500849CB5 /* Build configuration list for PBXNativeTarget "mameblo" */ = {
			isa = XCConfigurationList;
			buildConfigurations = (
				E750C4DB18B85D8500849CB5 /* Debug */,
				E750C4DC18B85D8500849CB5 /* Release */,
			);
			defaultConfigurationIsVisible = 0;
			defaultConfigurationName = Release;
		};
		E750C4DD18B85D8500849CB5 /* Build configuration list for PBXNativeTarget "mamebloTests" */ = {
			isa = XCConfigurationList;
			buildConfigurations = (
				E750C4DE18B85D8500849CB5 /* Debug */,
				E750C4DF18B85D8500849CB5 /* Release */,
			);
			defaultConfigurationIsVisible = 0;
			defaultConfigurationName = Release;
		};
/* End XCConfigurationList section */
	};
	rootObject = E750C49A18B85D8500849CB5 /* Project object */;
}
